// !$*UTF8*$!
{
	archiveVersion = 1;
	classes = {
	};
	objectVersion = 46;
	objects = {

/* Begin PBXBuildFile section */
		2C088FF11B9E8C4F00872A1D /* BCInteractiveTransition.m in Sources */ = {isa = PBXBuildFile; fileRef = 2C088FE81B9E8C4F00872A1D /* BCInteractiveTransition.m */; };
		2C088FF21B9E8C4F00872A1D /* BCMagicTransition.m in Sources */ = {isa = PBXBuildFile; fileRef = 2C088FEA1B9E8C4F00872A1D /* BCMagicTransition.m */; };
		2C088FF31B9E8C4F00872A1D /* UIViewController+BCMagicTransition.m in Sources */ = {isa = PBXBuildFile; fileRef = 2C088FEC1B9E8C4F00872A1D /* UIViewController+BCMagicTransition.m */; };
		2C088FF41B9E8C4F00872A1D /* MSTestVC.m in Sources */ = {isa = PBXBuildFile; fileRef = 2C088FEF1B9E8C4F00872A1D /* MSTestVC.m */; };
		2C088FF51B9E8C4F00872A1D /* MSTestVC.xib in Resources */ = {isa = PBXBuildFile; fileRef = 2C088FF01B9E8C4F00872A1D /* MSTestVC.xib */; };
		2C088FFA1B9E8CFC00872A1D /* MSBarCodeViewController.m in Sources */ = {isa = PBXBuildFile; fileRef = 2C088FF81B9E8CFC00872A1D /* MSBarCodeViewController.m */; };
		2C088FFB1B9E8CFC00872A1D /* MSBarCodeViewController.xib in Resources */ = {isa = PBXBuildFile; fileRef = 2C088FF91B9E8CFC00872A1D /* MSBarCodeViewController.xib */; };
		2C13539C1B9ED98900540972 /* MSCycelScrollView.swift in Sources */ = {isa = PBXBuildFile; fileRef = 2C13539B1B9ED98900540972 /* MSCycelScrollView.swift */; };
		2C1C0B571B78761800BC2867 /* main.m in Sources */ = {isa = PBXBuildFile; fileRef = 2C1C0B561B78761800BC2867 /* main.m */; };
		2C1C0B5A1B78761800BC2867 /* AppDelegate.m in Sources */ = {isa = PBXBuildFile; fileRef = 2C1C0B591B78761800BC2867 /* AppDelegate.m */; };
		2C1C0B5D1B78761800BC2867 /* ViewController.m in Sources */ = {isa = PBXBuildFile; fileRef = 2C1C0B5C1B78761800BC2867 /* ViewController.m */; };
		2C1C0B601B78761800BC2867 /* Main.storyboard in Resources */ = {isa = PBXBuildFile; fileRef = 2C1C0B5E1B78761800BC2867 /* Main.storyboard */; };
		2C1C0B621B78761800BC2867 /* Images.xcassets in Resources */ = {isa = PBXBuildFile; fileRef = 2C1C0B611B78761800BC2867 /* Images.xcassets */; };
		2C1C0B651B78761800BC2867 /* LaunchScreen.xib in Resources */ = {isa = PBXBuildFile; fileRef = 2C1C0B631B78761800BC2867 /* LaunchScreen.xib */; };
		2C1C0B711B78761800BC2867 /* marcusDemoOCTests.m in Sources */ = {isa = PBXBuildFile; fileRef = 2C1C0B701B78761800BC2867 /* marcusDemoOCTests.m */; };
		2C1C0B921B78959000BC2867 /* MSStarRateViewDemoVC.m in Sources */ = {isa = PBXBuildFile; fileRef = 2C1C0B901B78959000BC2867 /* MSStarRateViewDemoVC.m */; };
		2C1C0B931B78959000BC2867 /* MSStarRateViewDemoVC.xib in Resources */ = {isa = PBXBuildFile; fileRef = 2C1C0B911B78959000BC2867 /* MSStarRateViewDemoVC.xib */; };
		2C1C0BA01B7895CC00BC2867 /* MSStarRateVIew.m in Sources */ = {isa = PBXBuildFile; fileRef = 2C1C0B9D1B7895CC00BC2867 /* MSStarRateVIew.m */; };
		2C1C0BA11B7895CC00BC2867 /* star-off.png in Resources */ = {isa = PBXBuildFile; fileRef = 2C1C0B9E1B7895CC00BC2867 /* star-off.png */; };
		2C1C0BA21B7895CC00BC2867 /* star-on.png in Resources */ = {isa = PBXBuildFile; fileRef = 2C1C0B9F1B7895CC00BC2867 /* star-on.png */; };
		2C1C0C0C1B7896B200BC2867 /* MMBaseModel.m in Sources */ = {isa = PBXBuildFile; fileRef = 2C1C0BE71B7896B200BC2867 /* MMBaseModel.m */; };
		2C1C0C0D1B7896B200BC2867 /* MMTag.m in Sources */ = {isa = PBXBuildFile; fileRef = 2C1C0BEA1B7896B200BC2867 /* MMTag.m */; };
		2C1C0C0E1B7896B200BC2867 /* MMTable.m in Sources */ = {isa = PBXBuildFile; fileRef = 2C1C0BED1B7896B200BC2867 /* MMTable.m */; };
		2C1C0C0F1B7896B200BC2867 /* MMTableViewHandle.m in Sources */ = {isa = PBXBuildFile; fileRef = 2C1C0BF01B7896B200BC2867 /* MMTableViewHandle.m */; };
		2C1C0C101B7896B200BC2867 /* MMColorButton.swift in Sources */ = {isa = PBXBuildFile; fileRef = 2C1C0BF21B7896B200BC2867 /* MMColorButton.swift */; };
		2C1C0C111B7896B200BC2867 /* MMCycelScrollView.swift in Sources */ = {isa = PBXBuildFile; fileRef = 2C1C0BF31B7896B200BC2867 /* MMCycelScrollView.swift */; };
		2C1C0C121B7896B200BC2867 /* NSArray+MMExt.m in Sources */ = {isa = PBXBuildFile; fileRef = 2C1C0BF71B7896B200BC2867 /* NSArray+MMExt.m */; };
		2C1C0C131B7896B200BC2867 /* NSDictionary+MMExt.m in Sources */ = {isa = PBXBuildFile; fileRef = 2C1C0BF91B7896B200BC2867 /* NSDictionary+MMExt.m */; };
		2C1C0C141B7896B200BC2867 /* NSNumber+MMExt.m in Sources */ = {isa = PBXBuildFile; fileRef = 2C1C0BFB1B7896B200BC2867 /* NSNumber+MMExt.m */; };
		2C1C0C151B7896B200BC2867 /* NSSet+MMExt.m in Sources */ = {isa = PBXBuildFile; fileRef = 2C1C0BFD1B7896B200BC2867 /* NSSet+MMExt.m */; };
		2C1C0C161B7896B200BC2867 /* NSString+MMExt.m in Sources */ = {isa = PBXBuildFile; fileRef = 2C1C0BFF1B7896B200BC2867 /* NSString+MMExt.m */; };
		2C1C0C171B7896B200BC2867 /* NSTimer+MMExt.m in Sources */ = {isa = PBXBuildFile; fileRef = 2C1C0C011B7896B200BC2867 /* NSTimer+MMExt.m */; };
		2C1C0C181B7896B200BC2867 /* MMHandle.m in Sources */ = {isa = PBXBuildFile; fileRef = 2C1C0C031B7896B200BC2867 /* MMHandle.m */; };
		2C1C0C191B7896B200BC2867 /* MMUtils.m in Sources */ = {isa = PBXBuildFile; fileRef = 2C1C0C051B7896B200BC2867 /* MMUtils.m */; };
		2C1C0C1A1B7896B200BC2867 /* MMUtils.swift in Sources */ = {isa = PBXBuildFile; fileRef = 2C1C0C061B7896B200BC2867 /* MMUtils.swift */; };
		2C1C0C1B1B7896B200BC2867 /* UIGestureRecognizer+MMExt.m in Sources */ = {isa = PBXBuildFile; fileRef = 2C1C0C091B7896B200BC2867 /* UIGestureRecognizer+MMExt.m */; };
		2C1C0C1C1B7896B200BC2867 /* UINavigationController+MMExt.m in Sources */ = {isa = PBXBuildFile; fileRef = 2C1C0C0B1B7896B200BC2867 /* UINavigationController+MMExt.m */; };
		2CEF12D51B79A0F9004F87C0 /* ASDepthModalViewController.m in Sources */ = {isa = PBXBuildFile; fileRef = 2CEF12D01B79A0F9004F87C0 /* ASDepthModalViewController.m */; };
		2CEF12D61B79A0F9004F87C0 /* ASDepthModalDemoVC.m in Sources */ = {isa = PBXBuildFile; fileRef = 2CEF12D31B79A0F9004F87C0 /* ASDepthModalDemoVC.m */; };
		2CEF12D71B79A0F9004F87C0 /* ASDepthModalDemoVC.xib in Resources */ = {isa = PBXBuildFile; fileRef = 2CEF12D41B79A0F9004F87C0 /* ASDepthModalDemoVC.xib */; };
		2CEF12E51B79A221004F87C0 /* MSTools.m in Sources */ = {isa = PBXBuildFile; fileRef = 2CEF12E31B79A221004F87C0 /* MSTools.m */; };
		2CEF12E91B79A3AB004F87C0 /* MSToolsDemoVC.m in Sources */ = {isa = PBXBuildFile; fileRef = 2CEF12E71B79A3AB004F87C0 /* MSToolsDemoVC.m */; };
		2CEF12EA1B79A3AB004F87C0 /* MSToolsDemoVC.xib in Resources */ = {isa = PBXBuildFile; fileRef = 2CEF12E81B79A3AB004F87C0 /* MSToolsDemoVC.xib */; };
		2CEF12EC1B79A42B004F87C0 /* fengjing.jpg in Resources */ = {isa = PBXBuildFile; fileRef = 2CEF12EB1B79A42B004F87C0 /* fengjing.jpg */; };
		2CEF12F21B79A899004F87C0 /* MJNIndexView.m in Sources */ = {isa = PBXBuildFile; fileRef = 2CEF12F01B79A899004F87C0 /* MJNIndexView.m */; };
		2CEF12F61B79A950004F87C0 /* MJNIndexDemoVC.m in Sources */ = {isa = PBXBuildFile; fileRef = 2CEF12F41B79A950004F87C0 /* MJNIndexDemoVC.m */; };
		2CEF12F71B79A950004F87C0 /* MJNIndexDemoVC.xib in Resources */ = {isa = PBXBuildFile; fileRef = 2CEF12F51B79A950004F87C0 /* MJNIndexDemoVC.xib */; };
/* End PBXBuildFile section */

/* Begin PBXContainerItemProxy section */
		2C1C0B6B1B78761800BC2867 /* PBXContainerItemProxy */ = {
			isa = PBXContainerItemProxy;
			containerPortal = 2C1C0B491B78761800BC2867 /* Project object */;
			proxyType = 1;
			remoteGlobalIDString = 2C1C0B501B78761800BC2867;
			remoteInfo = marcusDemoOC;
		};
/* End PBXContainerItemProxy section */

/* Begin PBXFileReference section */
		2C088FE71B9E8C4F00872A1D /* BCInteractiveTransition.h */ = {isa = PBXFileReference; fileEncoding = 4; lastKnownFileType = sourcecode.c.h; path = BCInteractiveTransition.h; sourceTree = "<group>"; };
		2C088FE81B9E8C4F00872A1D /* BCInteractiveTransition.m */ = {isa = PBXFileReference; fileEncoding = 4; lastKnownFileType = sourcecode.c.objc; path = BCInteractiveTransition.m; sourceTree = "<group>"; };
		2C088FE91B9E8C4F00872A1D /* BCMagicTransition.h */ = {isa = PBXFileReference; fileEncoding = 4; lastKnownFileType = sourcecode.c.h; path = BCMagicTransition.h; sourceTree = "<group>"; };
		2C088FEA1B9E8C4F00872A1D /* BCMagicTransition.m */ = {isa = PBXFileReference; fileEncoding = 4; lastKnownFileType = sourcecode.c.objc; path = BCMagicTransition.m; sourceTree = "<group>"; };
		2C088FEB1B9E8C4F00872A1D /* UIViewController+BCMagicTransition.h */ = {isa = PBXFileReference; fileEncoding = 4; lastKnownFileType = sourcecode.c.h; path = "UIViewController+BCMagicTransition.h"; sourceTree = "<group>"; };
		2C088FEC1B9E8C4F00872A1D /* UIViewController+BCMagicTransition.m */ = {isa = PBXFileReference; fileEncoding = 4; lastKnownFileType = sourcecode.c.objc; path = "UIViewController+BCMagicTransition.m"; sourceTree = "<group>"; };
		2C088FEE1B9E8C4F00872A1D /* MSTestVC.h */ = {isa = PBXFileReference; fileEncoding = 4; lastKnownFileType = sourcecode.c.h; path = MSTestVC.h; sourceTree = "<group>"; };
		2C088FEF1B9E8C4F00872A1D /* MSTestVC.m */ = {isa = PBXFileReference; fileEncoding = 4; lastKnownFileType = sourcecode.c.objc; path = MSTestVC.m; sourceTree = "<group>"; };
		2C088FF01B9E8C4F00872A1D /* MSTestVC.xib */ = {isa = PBXFileReference; fileEncoding = 4; lastKnownFileType = file.xib; path = MSTestVC.xib; sourceTree = "<group>"; };
		2C088FF71B9E8CFC00872A1D /* MSBarCodeViewController.h */ = {isa = PBXFileReference; fileEncoding = 4; lastKnownFileType = sourcecode.c.h; path = MSBarCodeViewController.h; sourceTree = "<group>"; };
		2C088FF81B9E8CFC00872A1D /* MSBarCodeViewController.m */ = {isa = PBXFileReference; fileEncoding = 4; lastKnownFileType = sourcecode.c.objc; path = MSBarCodeViewController.m; sourceTree = "<group>"; };
		2C088FF91B9E8CFC00872A1D /* MSBarCodeViewController.xib */ = {isa = PBXFileReference; fileEncoding = 4; lastKnownFileType = file.xib; path = MSBarCodeViewController.xib; sourceTree = "<group>"; };
		2C13539B1B9ED98900540972 /* MSCycelScrollView.swift */ = {isa = PBXFileReference; fileEncoding = 4; lastKnownFileType = sourcecode.swift; path = MSCycelScrollView.swift; sourceTree = "<group>"; };
		2C1C0B511B78761800BC2867 /* marcusDemoOC.app */ = {isa = PBXFileReference; explicitFileType = wrapper.application; includeInIndex = 0; path = marcusDemoOC.app; sourceTree = BUILT_PRODUCTS_DIR; };
		2C1C0B551B78761800BC2867 /* Info.plist */ = {isa = PBXFileReference; lastKnownFileType = text.plist.xml; path = Info.plist; sourceTree = "<group>"; };
		2C1C0B561B78761800BC2867 /* main.m */ = {isa = PBXFileReference; lastKnownFileType = sourcecode.c.objc; path = main.m; sourceTree = "<group>"; };
		2C1C0B581B78761800BC2867 /* AppDelegate.h */ = {isa = PBXFileReference; lastKnownFileType = sourcecode.c.h; path = AppDelegate.h; sourceTree = "<group>"; };
		2C1C0B591B78761800BC2867 /* AppDelegate.m */ = {isa = PBXFileReference; lastKnownFileType = sourcecode.c.objc; path = AppDelegate.m; sourceTree = "<group>"; };
		2C1C0B5B1B78761800BC2867 /* ViewController.h */ = {isa = PBXFileReference; lastKnownFileType = sourcecode.c.h; path = ViewController.h; sourceTree = "<group>"; };
		2C1C0B5C1B78761800BC2867 /* ViewController.m */ = {isa = PBXFileReference; lastKnownFileType = sourcecode.c.objc; path = ViewController.m; sourceTree = "<group>"; };
		2C1C0B5F1B78761800BC2867 /* Base */ = {isa = PBXFileReference; lastKnownFileType = file.storyboard; name = Base; path = Base.lproj/Main.storyboard; sourceTree = "<group>"; };
		2C1C0B611B78761800BC2867 /* Images.xcassets */ = {isa = PBXFileReference; lastKnownFileType = folder.assetcatalog; path = Images.xcassets; sourceTree = "<group>"; };
		2C1C0B641B78761800BC2867 /* Base */ = {isa = PBXFileReference; lastKnownFileType = file.xib; name = Base; path = Base.lproj/LaunchScreen.xib; sourceTree = "<group>"; };
		2C1C0B6A1B78761800BC2867 /* marcusDemoOCTests.xctest */ = {isa = PBXFileReference; explicitFileType = wrapper.cfbundle; includeInIndex = 0; path = marcusDemoOCTests.xctest; sourceTree = BUILT_PRODUCTS_DIR; };
		2C1C0B6F1B78761800BC2867 /* Info.plist */ = {isa = PBXFileReference; lastKnownFileType = text.plist.xml; path = Info.plist; sourceTree = "<group>"; };
		2C1C0B701B78761800BC2867 /* marcusDemoOCTests.m */ = {isa = PBXFileReference; lastKnownFileType = sourcecode.c.objc; path = marcusDemoOCTests.m; sourceTree = "<group>"; };
		2C1C0B8F1B78959000BC2867 /* MSStarRateViewDemoVC.h */ = {isa = PBXFileReference; fileEncoding = 4; lastKnownFileType = sourcecode.c.h; name = MSStarRateViewDemoVC.h; path = MSStarRateView/demo/MSStarRateViewDemoVC.h; sourceTree = "<group>"; };
		2C1C0B901B78959000BC2867 /* MSStarRateViewDemoVC.m */ = {isa = PBXFileReference; fileEncoding = 4; lastKnownFileType = sourcecode.c.objc; name = MSStarRateViewDemoVC.m; path = MSStarRateView/demo/MSStarRateViewDemoVC.m; sourceTree = "<group>"; };
		2C1C0B911B78959000BC2867 /* MSStarRateViewDemoVC.xib */ = {isa = PBXFileReference; fileEncoding = 4; lastKnownFileType = file.xib; name = MSStarRateViewDemoVC.xib; path = MSStarRateView/demo/MSStarRateViewDemoVC.xib; sourceTree = "<group>"; };
		2C1C0B9C1B7895CC00BC2867 /* MSStarRateView.h */ = {isa = PBXFileReference; fileEncoding = 4; lastKnownFileType = sourcecode.c.h; name = MSStarRateView.h; path = MSStarRateView/core/MSStarRateView.h; sourceTree = "<group>"; };
		2C1C0B9D1B7895CC00BC2867 /* MSStarRateVIew.m */ = {isa = PBXFileReference; fileEncoding = 4; lastKnownFileType = sourcecode.c.objc; name = MSStarRateVIew.m; path = MSStarRateView/core/MSStarRateVIew.m; sourceTree = "<group>"; };
		2C1C0B9E1B7895CC00BC2867 /* star-off.png */ = {isa = PBXFileReference; lastKnownFileType = image.png; name = "star-off.png"; path = "MSStarRateView/core/star-off.png"; sourceTree = "<group>"; };
		2C1C0B9F1B7895CC00BC2867 /* star-on.png */ = {isa = PBXFileReference; lastKnownFileType = image.png; name = "star-on.png"; path = "MSStarRateView/core/star-on.png"; sourceTree = "<group>"; };
		2C1C0BE11B7896B200BC2867 /* MMConstants.h */ = {isa = PBXFileReference; fileEncoding = 4; lastKnownFileType = sourcecode.c.h; path = MMConstants.h; sourceTree = "<group>"; };
		2C1C0BE21B7896B200BC2867 /* MMLib.h */ = {isa = PBXFileReference; fileEncoding = 4; lastKnownFileType = sourcecode.c.h; path = MMLib.h; sourceTree = "<group>"; };
		2C1C0BE31B7896B200BC2867 /* MMMacros.h */ = {isa = PBXFileReference; fileEncoding = 4; lastKnownFileType = sourcecode.c.h; path = MMMacros.h; sourceTree = "<group>"; };
		2C1C0BE51B7896B200BC2867 /* MMAutoCodingModel.h */ = {isa = PBXFileReference; fileEncoding = 4; lastKnownFileType = sourcecode.c.h; path = MMAutoCodingModel.h; sourceTree = "<group>"; };
		2C1C0BE61B7896B200BC2867 /* MMBaseModel.h */ = {isa = PBXFileReference; fileEncoding = 4; lastKnownFileType = sourcecode.c.h; path = MMBaseModel.h; sourceTree = "<group>"; };
		2C1C0BE71B7896B200BC2867 /* MMBaseModel.m */ = {isa = PBXFileReference; fileEncoding = 4; lastKnownFileType = sourcecode.c.objc; path = MMBaseModel.m; sourceTree = "<group>"; };
		2C1C0BE81B7896B200BC2867 /* MMJsonModel.h */ = {isa = PBXFileReference; fileEncoding = 4; lastKnownFileType = sourcecode.c.h; path = MMJsonModel.h; sourceTree = "<group>"; };
		2C1C0BE91B7896B200BC2867 /* MMTag.h */ = {isa = PBXFileReference; fileEncoding = 4; lastKnownFileType = sourcecode.c.h; path = MMTag.h; sourceTree = "<group>"; };
		2C1C0BEA1B7896B200BC2867 /* MMTag.m */ = {isa = PBXFileReference; fileEncoding = 4; lastKnownFileType = sourcecode.c.objc; path = MMTag.m; sourceTree = "<group>"; };
		2C1C0BEC1B7896B200BC2867 /* MMTable.h */ = {isa = PBXFileReference; fileEncoding = 4; lastKnownFileType = sourcecode.c.h; path = MMTable.h; sourceTree = "<group>"; };
		2C1C0BED1B7896B200BC2867 /* MMTable.m */ = {isa = PBXFileReference; fileEncoding = 4; lastKnownFileType = sourcecode.c.objc; path = MMTable.m; sourceTree = "<group>"; };
		2C1C0BEE1B7896B200BC2867 /* MMTableCell.h */ = {isa = PBXFileReference; fileEncoding = 4; lastKnownFileType = sourcecode.c.h; path = MMTableCell.h; sourceTree = "<group>"; };
		2C1C0BEF1B7896B200BC2867 /* MMTableViewHandle.h */ = {isa = PBXFileReference; fileEncoding = 4; lastKnownFileType = sourcecode.c.h; path = MMTableViewHandle.h; sourceTree = "<group>"; };
		2C1C0BF01B7896B200BC2867 /* MMTableViewHandle.m */ = {isa = PBXFileReference; fileEncoding = 4; lastKnownFileType = sourcecode.c.objc; path = MMTableViewHandle.m; sourceTree = "<group>"; };
		2C1C0BF21B7896B200BC2867 /* MMColorButton.swift */ = {isa = PBXFileReference; fileEncoding = 4; lastKnownFileType = sourcecode.swift; path = MMColorButton.swift; sourceTree = "<group>"; };
		2C1C0BF31B7896B200BC2867 /* MMCycelScrollView.swift */ = {isa = PBXFileReference; fileEncoding = 4; lastKnownFileType = sourcecode.swift; path = MMCycelScrollView.swift; sourceTree = "<group>"; };
		2C1C0BF61B7896B200BC2867 /* NSArray+MMExt.h */ = {isa = PBXFileReference; fileEncoding = 4; lastKnownFileType = sourcecode.c.h; path = "NSArray+MMExt.h"; sourceTree = "<group>"; };
		2C1C0BF71B7896B200BC2867 /* NSArray+MMExt.m */ = {isa = PBXFileReference; fileEncoding = 4; lastKnownFileType = sourcecode.c.objc; path = "NSArray+MMExt.m"; sourceTree = "<group>"; };
		2C1C0BF81B7896B200BC2867 /* NSDictionary+MMExt.h */ = {isa = PBXFileReference; fileEncoding = 4; lastKnownFileType = sourcecode.c.h; path = "NSDictionary+MMExt.h"; sourceTree = "<group>"; };
		2C1C0BF91B7896B200BC2867 /* NSDictionary+MMExt.m */ = {isa = PBXFileReference; fileEncoding = 4; lastKnownFileType = sourcecode.c.objc; path = "NSDictionary+MMExt.m"; sourceTree = "<group>"; };
		2C1C0BFA1B7896B200BC2867 /* NSNumber+MMExt.h */ = {isa = PBXFileReference; fileEncoding = 4; lastKnownFileType = sourcecode.c.h; path = "NSNumber+MMExt.h"; sourceTree = "<group>"; };
		2C1C0BFB1B7896B200BC2867 /* NSNumber+MMExt.m */ = {isa = PBXFileReference; fileEncoding = 4; lastKnownFileType = sourcecode.c.objc; path = "NSNumber+MMExt.m"; sourceTree = "<group>"; };
		2C1C0BFC1B7896B200BC2867 /* NSSet+MMExt.h */ = {isa = PBXFileReference; fileEncoding = 4; lastKnownFileType = sourcecode.c.h; path = "NSSet+MMExt.h"; sourceTree = "<group>"; };
		2C1C0BFD1B7896B200BC2867 /* NSSet+MMExt.m */ = {isa = PBXFileReference; fileEncoding = 4; lastKnownFileType = sourcecode.c.objc; path = "NSSet+MMExt.m"; sourceTree = "<group>"; };
		2C1C0BFE1B7896B200BC2867 /* NSString+MMExt.h */ = {isa = PBXFileReference; fileEncoding = 4; lastKnownFileType = sourcecode.c.h; path = "NSString+MMExt.h"; sourceTree = "<group>"; };
		2C1C0BFF1B7896B200BC2867 /* NSString+MMExt.m */ = {isa = PBXFileReference; fileEncoding = 4; lastKnownFileType = sourcecode.c.objc; path = "NSString+MMExt.m"; sourceTree = "<group>"; };
		2C1C0C001B7896B200BC2867 /* NSTimer+MMExt.h */ = {isa = PBXFileReference; fileEncoding = 4; lastKnownFileType = sourcecode.c.h; path = "NSTimer+MMExt.h"; sourceTree = "<group>"; };
		2C1C0C011B7896B200BC2867 /* NSTimer+MMExt.m */ = {isa = PBXFileReference; fileEncoding = 4; lastKnownFileType = sourcecode.c.objc; path = "NSTimer+MMExt.m"; sourceTree = "<group>"; };
		2C1C0C021B7896B200BC2867 /* MMHandle.h */ = {isa = PBXFileReference; fileEncoding = 4; lastKnownFileType = sourcecode.c.h; path = MMHandle.h; sourceTree = "<group>"; };
		2C1C0C031B7896B200BC2867 /* MMHandle.m */ = {isa = PBXFileReference; fileEncoding = 4; lastKnownFileType = sourcecode.c.objc; path = MMHandle.m; sourceTree = "<group>"; };
		2C1C0C041B7896B200BC2867 /* MMUtils.h */ = {isa = PBXFileReference; fileEncoding = 4; lastKnownFileType = sourcecode.c.h; path = MMUtils.h; sourceTree = "<group>"; };
		2C1C0C051B7896B200BC2867 /* MMUtils.m */ = {isa = PBXFileReference; fileEncoding = 4; lastKnownFileType = sourcecode.c.objc; path = MMUtils.m; sourceTree = "<group>"; };
		2C1C0C061B7896B200BC2867 /* MMUtils.swift */ = {isa = PBXFileReference; fileEncoding = 4; lastKnownFileType = sourcecode.swift; path = MMUtils.swift; sourceTree = "<group>"; };
		2C1C0C081B7896B200BC2867 /* UIGestureRecognizer+MMExt.h */ = {isa = PBXFileReference; fileEncoding = 4; lastKnownFileType = sourcecode.c.h; path = "UIGestureRecognizer+MMExt.h"; sourceTree = "<group>"; };
		2C1C0C091B7896B200BC2867 /* UIGestureRecognizer+MMExt.m */ = {isa = PBXFileReference; fileEncoding = 4; lastKnownFileType = sourcecode.c.objc; path = "UIGestureRecognizer+MMExt.m"; sourceTree = "<group>"; };
		2C1C0C0A1B7896B200BC2867 /* UINavigationController+MMExt.h */ = {isa = PBXFileReference; fileEncoding = 4; lastKnownFileType = sourcecode.c.h; path = "UINavigationController+MMExt.h"; sourceTree = "<group>"; };
		2C1C0C0B1B7896B200BC2867 /* UINavigationController+MMExt.m */ = {isa = PBXFileReference; fileEncoding = 4; lastKnownFileType = sourcecode.c.objc; path = "UINavigationController+MMExt.m"; sourceTree = "<group>"; };
		2CEF12CF1B79A0F9004F87C0 /* ASDepthModalViewController.h */ = {isa = PBXFileReference; fileEncoding = 4; lastKnownFileType = sourcecode.c.h; path = ASDepthModalViewController.h; sourceTree = "<group>"; };
		2CEF12D01B79A0F9004F87C0 /* ASDepthModalViewController.m */ = {isa = PBXFileReference; fileEncoding = 4; lastKnownFileType = sourcecode.c.objc; path = ASDepthModalViewController.m; sourceTree = "<group>"; };
		2CEF12D21B79A0F9004F87C0 /* ASDepthModalDemoVC.h */ = {isa = PBXFileReference; fileEncoding = 4; lastKnownFileType = sourcecode.c.h; path = ASDepthModalDemoVC.h; sourceTree = "<group>"; };
		2CEF12D31B79A0F9004F87C0 /* ASDepthModalDemoVC.m */ = {isa = PBXFileReference; fileEncoding = 4; lastKnownFileType = sourcecode.c.objc; path = ASDepthModalDemoVC.m; sourceTree = "<group>"; };
		2CEF12D41B79A0F9004F87C0 /* ASDepthModalDemoVC.xib */ = {isa = PBXFileReference; fileEncoding = 4; lastKnownFileType = file.xib; path = ASDepthModalDemoVC.xib; sourceTree = "<group>"; };
		2CEF12D91B79A131004F87C0 /* MSMacros.h */ = {isa = PBXFileReference; fileEncoding = 4; lastKnownFileType = sourcecode.c.h; path = MSMacros.h; sourceTree = "<group>"; };
		2CEF12E21B79A221004F87C0 /* MSTools.h */ = {isa = PBXFileReference; fileEncoding = 4; lastKnownFileType = sourcecode.c.h; path = MSTools.h; sourceTree = "<group>"; };
		2CEF12E31B79A221004F87C0 /* MSTools.m */ = {isa = PBXFileReference; fileEncoding = 4; lastKnownFileType = sourcecode.c.objc; path = MSTools.m; sourceTree = "<group>"; };
		2CEF12E61B79A3AB004F87C0 /* MSToolsDemoVC.h */ = {isa = PBXFileReference; fileEncoding = 4; lastKnownFileType = sourcecode.c.h; path = MSToolsDemoVC.h; sourceTree = "<group>"; };
		2CEF12E71B79A3AB004F87C0 /* MSToolsDemoVC.m */ = {isa = PBXFileReference; fileEncoding = 4; lastKnownFileType = sourcecode.c.objc; path = MSToolsDemoVC.m; sourceTree = "<group>"; };
		2CEF12E81B79A3AB004F87C0 /* MSToolsDemoVC.xib */ = {isa = PBXFileReference; fileEncoding = 4; lastKnownFileType = file.xib; path = MSToolsDemoVC.xib; sourceTree = "<group>"; };
		2CEF12EB1B79A42B004F87C0 /* fengjing.jpg */ = {isa = PBXFileReference; lastKnownFileType = image.jpeg; path = fengjing.jpg; sourceTree = "<group>"; };
		2CEF12EF1B79A899004F87C0 /* MJNIndexView.h */ = {isa = PBXFileReference; fileEncoding = 4; lastKnownFileType = sourcecode.c.h; path = MJNIndexView.h; sourceTree = "<group>"; };
		2CEF12F01B79A899004F87C0 /* MJNIndexView.m */ = {isa = PBXFileReference; fileEncoding = 4; lastKnownFileType = sourcecode.c.objc; path = MJNIndexView.m; sourceTree = "<group>"; };
		2CEF12F31B79A950004F87C0 /* MJNIndexDemoVC.h */ = {isa = PBXFileReference; fileEncoding = 4; lastKnownFileType = sourcecode.c.h; path = MJNIndexDemoVC.h; sourceTree = "<group>"; };
		2CEF12F41B79A950004F87C0 /* MJNIndexDemoVC.m */ = {isa = PBXFileReference; fileEncoding = 4; lastKnownFileType = sourcecode.c.objc; path = MJNIndexDemoVC.m; sourceTree = "<group>"; };
		2CEF12F51B79A950004F87C0 /* MJNIndexDemoVC.xib */ = {isa = PBXFileReference; fileEncoding = 4; lastKnownFileType = file.xib; path = MJNIndexDemoVC.xib; sourceTree = "<group>"; };
/* End PBXFileReference section */

/* Begin PBXFrameworksBuildPhase section */
		2C1C0B4E1B78761800BC2867 /* Frameworks */ = {
			isa = PBXFrameworksBuildPhase;
			buildActionMask = 2147483647;
			files = (
			);
			runOnlyForDeploymentPostprocessing = 0;
		};
		2C1C0B671B78761800BC2867 /* Frameworks */ = {
			isa = PBXFrameworksBuildPhase;
			buildActionMask = 2147483647;
			files = (
			);
			runOnlyForDeploymentPostprocessing = 0;
		};
/* End PBXFrameworksBuildPhase section */

/* Begin PBXGroup section */
		2C088FE51B9E8C4F00872A1D /* BCMagicTransition */ = {
			isa = PBXGroup;
			children = (
				2C088FE61B9E8C4F00872A1D /* core */,
				2C088FED1B9E8C4F00872A1D /* demo */,
			);
			path = BCMagicTransition;
			sourceTree = "<group>";
		};
		2C088FE61B9E8C4F00872A1D /* core */ = {
			isa = PBXGroup;
			children = (
				2C088FE71B9E8C4F00872A1D /* BCInteractiveTransition.h */,
				2C088FE81B9E8C4F00872A1D /* BCInteractiveTransition.m */,
				2C088FE91B9E8C4F00872A1D /* BCMagicTransition.h */,
				2C088FEA1B9E8C4F00872A1D /* BCMagicTransition.m */,
				2C088FEB1B9E8C4F00872A1D /* UIViewController+BCMagicTransition.h */,
				2C088FEC1B9E8C4F00872A1D /* UIViewController+BCMagicTransition.m */,
			);
			path = core;
			sourceTree = "<group>";
		};
		2C088FED1B9E8C4F00872A1D /* demo */ = {
			isa = PBXGroup;
			children = (
				2C088FEE1B9E8C4F00872A1D /* MSTestVC.h */,
				2C088FEF1B9E8C4F00872A1D /* MSTestVC.m */,
				2C088FF01B9E8C4F00872A1D /* MSTestVC.xib */,
			);
			path = demo;
			sourceTree = "<group>";
		};
		2C088FF61B9E8CA900872A1D /* 扫描二维码条形码 */ = {
			isa = PBXGroup;
			children = (
				2C088FF71B9E8CFC00872A1D /* MSBarCodeViewController.h */,
				2C088FF81B9E8CFC00872A1D /* MSBarCodeViewController.m */,
				2C088FF91B9E8CFC00872A1D /* MSBarCodeViewController.xib */,
			);
			path = "扫描二维码条形码";
			sourceTree = "<group>";
		};
		2C13539A1B9ED96400540972 /* swiftComponent */ = {
			isa = PBXGroup;
			children = (
				2C13539B1B9ED98900540972 /* MSCycelScrollView.swift */,
			);
			path = swiftComponent;
			sourceTree = "<group>";
		};
		2C1C0B481B78761800BC2867 = {
			isa = PBXGroup;
			children = (
				2C1C0B531B78761800BC2867 /* marcusDemoOC */,
				2C1C0B6D1B78761800BC2867 /* marcusDemoOCTests */,
				2C1C0B521B78761800BC2867 /* Products */,
			);
			sourceTree = "<group>";
		};
		2C1C0B521B78761800BC2867 /* Products */ = {
			isa = PBXGroup;
			children = (
				2C1C0B511B78761800BC2867 /* marcusDemoOC.app */,
				2C1C0B6A1B78761800BC2867 /* marcusDemoOCTests.xctest */,
			);
			name = Products;
			sourceTree = "<group>";
		};
		2C1C0B531B78761800BC2867 /* marcusDemoOC */ = {
			isa = PBXGroup;
			children = (
				2C1C0B581B78761800BC2867 /* AppDelegate.h */,
				2C1C0B591B78761800BC2867 /* AppDelegate.m */,
				2C1C0B5B1B78761800BC2867 /* ViewController.h */,
				2C1C0B5C1B78761800BC2867 /* ViewController.m */,
				2C1C0B5E1B78761800BC2867 /* Main.storyboard */,
				2C13539A1B9ED96400540972 /* swiftComponent */,
				2C088FF61B9E8CA900872A1D /* 扫描二维码条形码 */,
				2C088FE51B9E8C4F00872A1D /* BCMagicTransition */,
				2CEF12CD1B79A0F9004F87C0 /* ASDepthModalViewController */,
				2C1C0B7A1B78777200BC2867 /* MSStarRateView */,
				2CEF12ED1B79A899004F87C0 /* MJNIndexView */,
				2CEF12E01B79A221004F87C0 /* MSTools */,
				2CEF12D81B79A131004F87C0 /* MSLib */,
				2C1C0BE01B7896B200BC2867 /* MMLib */,
				2C1C0B611B78761800BC2867 /* Images.xcassets */,
				2C1C0B631B78761800BC2867 /* LaunchScreen.xib */,
				2C1C0B541B78761800BC2867 /* Supporting Files */,
			);
			path = marcusDemoOC;
			sourceTree = "<group>";
		};
		2C1C0B541B78761800BC2867 /* Supporting Files */ = {
			isa = PBXGroup;
			children = (
				2C1C0B551B78761800BC2867 /* Info.plist */,
				2C1C0B561B78761800BC2867 /* main.m */,
			);
			name = "Supporting Files";
			sourceTree = "<group>";
		};
		2C1C0B6D1B78761800BC2867 /* marcusDemoOCTests */ = {
			isa = PBXGroup;
			children = (
				2C1C0B701B78761800BC2867 /* marcusDemoOCTests.m */,
				2C1C0B6E1B78761800BC2867 /* Supporting Files */,
			);
			path = marcusDemoOCTests;
			sourceTree = "<group>";
		};
		2C1C0B6E1B78761800BC2867 /* Supporting Files */ = {
			isa = PBXGroup;
			children = (
				2C1C0B6F1B78761800BC2867 /* Info.plist */,
			);
			name = "Supporting Files";
			sourceTree = "<group>";
		};
		2C1C0B7A1B78777200BC2867 /* MSStarRateView */ = {
			isa = PBXGroup;
			children = (
				2C1C0B9B1B7895C100BC2867 /* core */,
				2C1C0B871B787FCD00BC2867 /* demo */,
			);
			name = MSStarRateView;
			sourceTree = "<group>";
		};
		2C1C0B871B787FCD00BC2867 /* demo */ = {
			isa = PBXGroup;
			children = (
				2C1C0B8F1B78959000BC2867 /* MSStarRateViewDemoVC.h */,
				2C1C0B901B78959000BC2867 /* MSStarRateViewDemoVC.m */,
				2C1C0B911B78959000BC2867 /* MSStarRateViewDemoVC.xib */,
			);
			name = demo;
			sourceTree = "<group>";
		};
		2C1C0B9B1B7895C100BC2867 /* core */ = {
			isa = PBXGroup;
			children = (
				2C1C0B9C1B7895CC00BC2867 /* MSStarRateView.h */,
				2C1C0B9D1B7895CC00BC2867 /* MSStarRateVIew.m */,
				2C1C0B9E1B7895CC00BC2867 /* star-off.png */,
				2C1C0B9F1B7895CC00BC2867 /* star-on.png */,
			);
			name = core;
			sourceTree = "<group>";
		};
		2C1C0BE01B7896B200BC2867 /* MMLib */ = {
			isa = PBXGroup;
			children = (
				2C1C0BE11B7896B200BC2867 /* MMConstants.h */,
				2C1C0BE21B7896B200BC2867 /* MMLib.h */,
				2C1C0BE31B7896B200BC2867 /* MMMacros.h */,
				2C1C0BE41B7896B200BC2867 /* Model */,
				2C1C0BEB1B7896B200BC2867 /* TableViewHandle */,
				2C1C0BF11B7896B200BC2867 /* UIKit */,
				2C1C0BF41B7896B200BC2867 /* Utils */,
			);
			path = MMLib;
			sourceTree = "<group>";
		};
		2C1C0BE41B7896B200BC2867 /* Model */ = {
			isa = PBXGroup;
			children = (
				2C1C0BE51B7896B200BC2867 /* MMAutoCodingModel.h */,
				2C1C0BE61B7896B200BC2867 /* MMBaseModel.h */,
				2C1C0BE71B7896B200BC2867 /* MMBaseModel.m */,
				2C1C0BE81B7896B200BC2867 /* MMJsonModel.h */,
				2C1C0BE91B7896B200BC2867 /* MMTag.h */,
				2C1C0BEA1B7896B200BC2867 /* MMTag.m */,
			);
			path = Model;
			sourceTree = "<group>";
		};
		2C1C0BEB1B7896B200BC2867 /* TableViewHandle */ = {
			isa = PBXGroup;
			children = (
				2C1C0BEC1B7896B200BC2867 /* MMTable.h */,
				2C1C0BED1B7896B200BC2867 /* MMTable.m */,
				2C1C0BEE1B7896B200BC2867 /* MMTableCell.h */,
				2C1C0BEF1B7896B200BC2867 /* MMTableViewHandle.h */,
				2C1C0BF01B7896B200BC2867 /* MMTableViewHandle.m */,
			);
			path = TableViewHandle;
			sourceTree = "<group>";
		};
		2C1C0BF11B7896B200BC2867 /* UIKit */ = {
			isa = PBXGroup;
			children = (
				2C1C0BF21B7896B200BC2867 /* MMColorButton.swift */,
				2C1C0BF31B7896B200BC2867 /* MMCycelScrollView.swift */,
			);
			path = UIKit;
			sourceTree = "<group>";
		};
		2C1C0BF41B7896B200BC2867 /* Utils */ = {
			isa = PBXGroup;
			children = (
				2C1C0BF51B7896B200BC2867 /* Foundation */,
				2C1C0C021B7896B200BC2867 /* MMHandle.h */,
				2C1C0C031B7896B200BC2867 /* MMHandle.m */,
				2C1C0C041B7896B200BC2867 /* MMUtils.h */,
				2C1C0C051B7896B200BC2867 /* MMUtils.m */,
				2C1C0C061B7896B200BC2867 /* MMUtils.swift */,
				2C1C0C071B7896B200BC2867 /* UIKit */,
			);
			path = Utils;
			sourceTree = "<group>";
		};
		2C1C0BF51B7896B200BC2867 /* Foundation */ = {
			isa = PBXGroup;
			children = (
				2C1C0BF61B7896B200BC2867 /* NSArray+MMExt.h */,
				2C1C0BF71B7896B200BC2867 /* NSArray+MMExt.m */,
				2C1C0BF81B7896B200BC2867 /* NSDictionary+MMExt.h */,
				2C1C0BF91B7896B200BC2867 /* NSDictionary+MMExt.m */,
				2C1C0BFA1B7896B200BC2867 /* NSNumber+MMExt.h */,
				2C1C0BFB1B7896B200BC2867 /* NSNumber+MMExt.m */,
				2C1C0BFC1B7896B200BC2867 /* NSSet+MMExt.h */,
				2C1C0BFD1B7896B200BC2867 /* NSSet+MMExt.m */,
				2C1C0BFE1B7896B200BC2867 /* NSString+MMExt.h */,
				2C1C0BFF1B7896B200BC2867 /* NSString+MMExt.m */,
				2C1C0C001B7896B200BC2867 /* NSTimer+MMExt.h */,
				2C1C0C011B7896B200BC2867 /* NSTimer+MMExt.m */,
			);
			path = Foundation;
			sourceTree = "<group>";
		};
		2C1C0C071B7896B200BC2867 /* UIKit */ = {
			isa = PBXGroup;
			children = (
				2C1C0C081B7896B200BC2867 /* UIGestureRecognizer+MMExt.h */,
				2C1C0C091B7896B200BC2867 /* UIGestureRecognizer+MMExt.m */,
				2C1C0C0A1B7896B200BC2867 /* UINavigationController+MMExt.h */,
				2C1C0C0B1B7896B200BC2867 /* UINavigationController+MMExt.m */,
			);
			path = UIKit;
			sourceTree = "<group>";
		};
		2CEF12CD1B79A0F9004F87C0 /* ASDepthModalViewController */ = {
			isa = PBXGroup;
			children = (
				2CEF12CE1B79A0F9004F87C0 /* core */,
				2CEF12D11B79A0F9004F87C0 /* demo */,
			);
			path = ASDepthModalViewController;
			sourceTree = "<group>";
		};
		2CEF12CE1B79A0F9004F87C0 /* core */ = {
			isa = PBXGroup;
			children = (
				2CEF12CF1B79A0F9004F87C0 /* ASDepthModalViewController.h */,
				2CEF12D01B79A0F9004F87C0 /* ASDepthModalViewController.m */,
			);
			path = core;
			sourceTree = "<group>";
		};
		2CEF12D11B79A0F9004F87C0 /* demo */ = {
			isa = PBXGroup;
			children = (
				2CEF12D21B79A0F9004F87C0 /* ASDepthModalDemoVC.h */,
				2CEF12D31B79A0F9004F87C0 /* ASDepthModalDemoVC.m */,
				2CEF12D41B79A0F9004F87C0 /* ASDepthModalDemoVC.xib */,
			);
			path = demo;
			sourceTree = "<group>";
		};
		2CEF12D81B79A131004F87C0 /* MSLib */ = {
			isa = PBXGroup;
			children = (
				2CEF12D91B79A131004F87C0 /* MSMacros.h */,
			);
			path = MSLib;
			sourceTree = "<group>";
		};
		2CEF12E01B79A221004F87C0 /* MSTools */ = {
			isa = PBXGroup;
			children = (
				2CEF12E11B79A221004F87C0 /* core */,
				2CEF12E41B79A221004F87C0 /* demo */,
			);
			path = MSTools;
			sourceTree = "<group>";
		};
		2CEF12E11B79A221004F87C0 /* core */ = {
			isa = PBXGroup;
			children = (
				2CEF12E21B79A221004F87C0 /* MSTools.h */,
				2CEF12E31B79A221004F87C0 /* MSTools.m */,
			);
			path = core;
			sourceTree = "<group>";
		};
		2CEF12E41B79A221004F87C0 /* demo */ = {
			isa = PBXGroup;
			children = (
				2CEF12E61B79A3AB004F87C0 /* MSToolsDemoVC.h */,
				2CEF12E71B79A3AB004F87C0 /* MSToolsDemoVC.m */,
				2CEF12E81B79A3AB004F87C0 /* MSToolsDemoVC.xib */,
				2CEF12EB1B79A42B004F87C0 /* fengjing.jpg */,
			);
			path = demo;
			sourceTree = "<group>";
		};
		2CEF12ED1B79A899004F87C0 /* MJNIndexView */ = {
			isa = PBXGroup;
			children = (
				2CEF12EE1B79A899004F87C0 /* core */,
				2CEF12F11B79A899004F87C0 /* demo */,
			);
			path = MJNIndexView;
			sourceTree = "<group>";
		};
		2CEF12EE1B79A899004F87C0 /* core */ = {
			isa = PBXGroup;
			children = (
				2CEF12EF1B79A899004F87C0 /* MJNIndexView.h */,
				2CEF12F01B79A899004F87C0 /* MJNIndexView.m */,
			);
			path = core;
			sourceTree = "<group>";
		};
		2CEF12F11B79A899004F87C0 /* demo */ = {
			isa = PBXGroup;
			children = (
				2CEF12F31B79A950004F87C0 /* MJNIndexDemoVC.h */,
				2CEF12F41B79A950004F87C0 /* MJNIndexDemoVC.m */,
				2CEF12F51B79A950004F87C0 /* MJNIndexDemoVC.xib */,
			);
			path = demo;
			sourceTree = "<group>";
		};
/* End PBXGroup section */

/* Begin PBXNativeTarget section */
		2C1C0B501B78761800BC2867 /* marcusDemoOC */ = {
			isa = PBXNativeTarget;
			buildConfigurationList = 2C1C0B741B78761800BC2867 /* Build configuration list for PBXNativeTarget "marcusDemoOC" */;
			buildPhases = (
				2C1C0B4D1B78761800BC2867 /* Sources */,
				2C1C0B4E1B78761800BC2867 /* Frameworks */,
				2C1C0B4F1B78761800BC2867 /* Resources */,
			);
			buildRules = (
			);
			dependencies = (
			);
			name = marcusDemoOC;
			productName = marcusDemoOC;
			productReference = 2C1C0B511B78761800BC2867 /* marcusDemoOC.app */;
			productType = "com.apple.product-type.application";
		};
		2C1C0B691B78761800BC2867 /* marcusDemoOCTests */ = {
			isa = PBXNativeTarget;
			buildConfigurationList = 2C1C0B771B78761800BC2867 /* Build configuration list for PBXNativeTarget "marcusDemoOCTests" */;
			buildPhases = (
				2C1C0B661B78761800BC2867 /* Sources */,
				2C1C0B671B78761800BC2867 /* Frameworks */,
				2C1C0B681B78761800BC2867 /* Resources */,
			);
			buildRules = (
			);
			dependencies = (
				2C1C0B6C1B78761800BC2867 /* PBXTargetDependency */,
			);
			name = marcusDemoOCTests;
			productName = marcusDemoOCTests;
			productReference = 2C1C0B6A1B78761800BC2867 /* marcusDemoOCTests.xctest */;
			productType = "com.apple.product-type.bundle.unit-test";
		};
/* End PBXNativeTarget section */

/* Begin PBXProject section */
		2C1C0B491B78761800BC2867 /* Project object */ = {
			isa = PBXProject;
			attributes = {
				LastUpgradeCheck = 0640;
				ORGANIZATIONNAME = marcus;
				TargetAttributes = {
					2C1C0B501B78761800BC2867 = {
						CreatedOnToolsVersion = 6.4;
						DevelopmentTeam = 48X32H492E;
					};
					2C1C0B691B78761800BC2867 = {
						CreatedOnToolsVersion = 6.4;
						TestTargetID = 2C1C0B501B78761800BC2867;
					};
				};
			};
			buildConfigurationList = 2C1C0B4C1B78761800BC2867 /* Build configuration list for PBXProject "marcusDemoOC" */;
			compatibilityVersion = "Xcode 3.2";
			developmentRegion = English;
			hasScannedForEncodings = 0;
			knownRegions = (
				en,
				Base,
			);
			mainGroup = 2C1C0B481B78761800BC2867;
			productRefGroup = 2C1C0B521B78761800BC2867 /* Products */;
			projectDirPath = "";
			projectRoot = "";
			targets = (
				2C1C0B501B78761800BC2867 /* marcusDemoOC */,
				2C1C0B691B78761800BC2867 /* marcusDemoOCTests */,
			);
		};
/* End PBXProject section */

/* Begin PBXResourcesBuildPhase section */
		2C1C0B4F1B78761800BC2867 /* Resources */ = {
			isa = PBXResourcesBuildPhase;
			buildActionMask = 2147483647;
			files = (
				2C1C0B931B78959000BC2867 /* MSStarRateViewDemoVC.xib in Resources */,
				2C1C0BA11B7895CC00BC2867 /* star-off.png in Resources */,
				2CEF12F71B79A950004F87C0 /* MJNIndexDemoVC.xib in Resources */,
				2C1C0B601B78761800BC2867 /* Main.storyboard in Resources */,
				2CEF12EC1B79A42B004F87C0 /* fengjing.jpg in Resources */,
				2C1C0B651B78761800BC2867 /* LaunchScreen.xib in Resources */,
				2C088FFB1B9E8CFC00872A1D /* MSBarCodeViewController.xib in Resources */,
				2C1C0BA21B7895CC00BC2867 /* star-on.png in Resources */,
				2CEF12D71B79A0F9004F87C0 /* ASDepthModalDemoVC.xib in Resources */,
				2CEF12EA1B79A3AB004F87C0 /* MSToolsDemoVC.xib in Resources */,
				2C1C0B621B78761800BC2867 /* Images.xcassets in Resources */,
				2C088FF51B9E8C4F00872A1D /* MSTestVC.xib in Resources */,
			);
			runOnlyForDeploymentPostprocessing = 0;
		};
		2C1C0B681B78761800BC2867 /* Resources */ = {
			isa = PBXResourcesBuildPhase;
			buildActionMask = 2147483647;
			files = (
			);
			runOnlyForDeploymentPostprocessing = 0;
		};
/* End PBXResourcesBuildPhase section */

/* Begin PBXSourcesBuildPhase section */
		2C1C0B4D1B78761800BC2867 /* Sources */ = {
			isa = PBXSourcesBuildPhase;
			buildActionMask = 2147483647;
			files = (
				2C1C0B921B78959000BC2867 /* MSStarRateViewDemoVC.m in Sources */,
				2C1C0C181B7896B200BC2867 /* MMHandle.m in Sources */,
				2C1C0BA01B7895CC00BC2867 /* MSStarRateVIew.m in Sources */,
				2C088FFA1B9E8CFC00872A1D /* MSBarCodeViewController.m in Sources */,
				2CEF12D61B79A0F9004F87C0 /* ASDepthModalDemoVC.m in Sources */,
				2C1C0C0D1B7896B200BC2867 /* MMTag.m in Sources */,
				2C1C0C171B7896B200BC2867 /* NSTimer+MMExt.m in Sources */,
				2C088FF31B9E8C4F00872A1D /* UIViewController+BCMagicTransition.m in Sources */,
				2CEF12F61B79A950004F87C0 /* MJNIndexDemoVC.m in Sources */,
				2C1C0C141B7896B200BC2867 /* NSNumber+MMExt.m in Sources */,
				2C1C0C101B7896B200BC2867 /* MMColorButton.swift in Sources */,
				2C1C0C121B7896B200BC2867 /* NSArray+MMExt.m in Sources */,
				2CEF12F21B79A899004F87C0 /* MJNIndexView.m in Sources */,
				2C1C0C131B7896B200BC2867 /* NSDictionary+MMExt.m in Sources */,
				2C1C0C191B7896B200BC2867 /* MMUtils.m in Sources */,
				2C1C0C151B7896B200BC2867 /* NSSet+MMExt.m in Sources */,
				2C1C0B5D1B78761800BC2867 /* ViewController.m in Sources */,
				2C1C0C161B7896B200BC2867 /* NSString+MMExt.m in Sources */,
				2C1C0C1C1B7896B200BC2867 /* UINavigationController+MMExt.m in Sources */,
				2C1C0C0F1B7896B200BC2867 /* MMTableViewHandle.m in Sources */,
				2C1C0B5A1B78761800BC2867 /* AppDelegate.m in Sources */,
				2C088FF21B9E8C4F00872A1D /* BCMagicTransition.m in Sources */,
				2C13539C1B9ED98900540972 /* MSCycelScrollView.swift in Sources */,
				2C088FF11B9E8C4F00872A1D /* BCInteractiveTransition.m in Sources */,
				2CEF12E51B79A221004F87C0 /* MSTools.m in Sources */,
				2CEF12D51B79A0F9004F87C0 /* ASDepthModalViewController.m in Sources */,
				2CEF12E91B79A3AB004F87C0 /* MSToolsDemoVC.m in Sources */,
				2C1C0C1A1B7896B200BC2867 /* MMUtils.swift in Sources */,
				2C1C0C111B7896B200BC2867 /* MMCycelScrollView.swift in Sources */,
				2C1C0C0C1B7896B200BC2867 /* MMBaseModel.m in Sources */,
				2C1C0C0E1B7896B200BC2867 /* MMTable.m in Sources */,
				2C1C0C1B1B7896B200BC2867 /* UIGestureRecognizer+MMExt.m in Sources */,
				2C088FF41B9E8C4F00872A1D /* MSTestVC.m in Sources */,
				2C1C0B571B78761800BC2867 /* main.m in Sources */,
			);
			runOnlyForDeploymentPostprocessing = 0;
		};
		2C1C0B661B78761800BC2867 /* Sources */ = {
			isa = PBXSourcesBuildPhase;
			buildActionMask = 2147483647;
			files = (
				2C1C0B711B78761800BC2867 /* marcusDemoOCTests.m in Sources */,
			);
			runOnlyForDeploymentPostprocessing = 0;
		};
/* End PBXSourcesBuildPhase section */

/* Begin PBXTargetDependency section */
		2C1C0B6C1B78761800BC2867 /* PBXTargetDependency */ = {
			isa = PBXTargetDependency;
			target = 2C1C0B501B78761800BC2867 /* marcusDemoOC */;
			targetProxy = 2C1C0B6B1B78761800BC2867 /* PBXContainerItemProxy */;
		};
/* End PBXTargetDependency section */

/* Begin PBXVariantGroup section */
		2C1C0B5E1B78761800BC2867 /* Main.storyboard */ = {
			isa = PBXVariantGroup;
			children = (
				2C1C0B5F1B78761800BC2867 /* Base */,
			);
			name = Main.storyboard;
			sourceTree = "<group>";
		};
		2C1C0B631B78761800BC2867 /* LaunchScreen.xib */ = {
			isa = PBXVariantGroup;
			children = (
				2C1C0B641B78761800BC2867 /* Base */,
			);
			name = LaunchScreen.xib;
			sourceTree = "<group>";
		};
/* End PBXVariantGroup section */

/* Begin XCBuildConfiguration section */
		2C1C0B721B78761800BC2867 /* Debug */ = {
			isa = XCBuildConfiguration;
			buildSettings = {
				ALWAYS_SEARCH_USER_PATHS = NO;
				CLANG_CXX_LANGUAGE_STANDARD = "gnu++0x";
				CLANG_CXX_LIBRARY = "libc++";
				CLANG_ENABLE_MODULES = YES;
				CLANG_ENABLE_OBJC_ARC = YES;
				CLANG_WARN_BOOL_CONVERSION = YES;
				CLANG_WARN_CONSTANT_CONVERSION = YES;
				CLANG_WARN_DIRECT_OBJC_ISA_USAGE = YES_ERROR;
				CLANG_WARN_EMPTY_BODY = YES;
				CLANG_WARN_ENUM_CONVERSION = YES;
				CLANG_WARN_INT_CONVERSION = YES;
				CLANG_WARN_OBJC_ROOT_CLASS = YES_ERROR;
				CLANG_WARN_UNREACHABLE_CODE = YES;
				CLANG_WARN__DUPLICATE_METHOD_MATCH = YES;
				CODE_SIGN_IDENTITY = "iPhone Developer";
				"CODE_SIGN_IDENTITY[sdk=iphoneos*]" = "iPhone Developer";
				COPY_PHASE_STRIP = NO;
				DEBUG_INFORMATION_FORMAT = "dwarf-with-dsym";
				ENABLE_STRICT_OBJC_MSGSEND = YES;
				GCC_C_LANGUAGE_STANDARD = gnu99;
				GCC_DYNAMIC_NO_PIC = NO;
				GCC_NO_COMMON_BLOCKS = YES;
				GCC_OPTIMIZATION_LEVEL = 0;
				GCC_PREPROCESSOR_DEFINITIONS = (
					"DEBUG=1",
					"$(inherited)",
				);
				GCC_SYMBOLS_PRIVATE_EXTERN = NO;
				GCC_WARN_64_TO_32_BIT_CONVERSION = YES;
				GCC_WARN_ABOUT_RETURN_TYPE = YES_ERROR;
				GCC_WARN_UNDECLARED_SELECTOR = YES;
				GCC_WARN_UNINITIALIZED_AUTOS = YES_AGGRESSIVE;
				GCC_WARN_UNUSED_FUNCTION = YES;
				GCC_WARN_UNUSED_VARIABLE = YES;
				IPHONEOS_DEPLOYMENT_TARGET = 8.4;
				MTL_ENABLE_DEBUG_INFO = YES;
				ONLY_ACTIVE_ARCH = YES;
				SDKROOT = iphoneos;
				TARGETED_DEVICE_FAMILY = "1,2";
			};
			name = Debug;
		};
		2C1C0B731B78761800BC2867 /* Release */ = {
			isa = XCBuildConfiguration;
			buildSettings = {
				ALWAYS_SEARCH_USER_PATHS = NO;
				CLANG_CXX_LANGUAGE_STANDARD = "gnu++0x";
				CLANG_CXX_LIBRARY = "libc++";
				CLANG_ENABLE_MODULES = YES;
				CLANG_ENABLE_OBJC_ARC = YES;
				CLANG_WARN_BOOL_CONVERSION = YES;
				CLANG_WARN_CONSTANT_CONVERSION = YES;
				CLANG_WARN_DIRECT_OBJC_ISA_USAGE = YES_ERROR;
				CLANG_WARN_EMPTY_BODY = YES;
				CLANG_WARN_ENUM_CONVERSION = YES;
				CLANG_WARN_INT_CONVERSION = YES;
				CLANG_WARN_OBJC_ROOT_CLASS = YES_ERROR;
				CLANG_WARN_UNREACHABLE_CODE = YES;
				CLANG_WARN__DUPLICATE_METHOD_MATCH = YES;
				CODE_SIGN_IDENTITY = "iOS Development: Dengjia Sun (QW6BC8ZJ5R)";
				"CODE_SIGN_IDENTITY[sdk=iphoneos*]" = "iOS Development: Dengjia Sun (QW6BC8ZJ5R)";
				COPY_PHASE_STRIP = NO;
				DEBUG_INFORMATION_FORMAT = "dwarf-with-dsym";
				ENABLE_NS_ASSERTIONS = NO;
				ENABLE_STRICT_OBJC_MSGSEND = YES;
				GCC_C_LANGUAGE_STANDARD = gnu99;
				GCC_NO_COMMON_BLOCKS = YES;
				GCC_WARN_64_TO_32_BIT_CONVERSION = YES;
				GCC_WARN_ABOUT_RETURN_TYPE = YES_ERROR;
				GCC_WARN_UNDECLARED_SELECTOR = YES;
				GCC_WARN_UNINITIALIZED_AUTOS = YES_AGGRESSIVE;
				GCC_WARN_UNUSED_FUNCTION = YES;
				GCC_WARN_UNUSED_VARIABLE = YES;
				IPHONEOS_DEPLOYMENT_TARGET = 8.4;
				MTL_ENABLE_DEBUG_INFO = NO;
				SDKROOT = iphoneos;
				TARGETED_DEVICE_FAMILY = "1,2";
				VALIDATE_PRODUCT = YES;
			};
			name = Release;
		};
		2C1C0B751B78761800BC2867 /* Debug */ = {
			isa = XCBuildConfiguration;
			buildSettings = {
				ASSETCATALOG_COMPILER_APPICON_NAME = AppIcon;
				CODE_SIGN_IDENTITY = "iPhone Developer";
				"CODE_SIGN_IDENTITY[sdk=iphoneos*]" = "iPhone Developer";
				INFOPLIST_FILE = marcusDemoOC/Info.plist;
				LD_RUNPATH_SEARCH_PATHS = "$(inherited) @executable_path/Frameworks";
				PRODUCT_NAME = "$(TARGET_NAME)";
				PROVISIONING_PROFILE = "";
			};
			name = Debug;
		};
		2C1C0B761B78761800BC2867 /* Release */ = {
			isa = XCBuildConfiguration;
			buildSettings = {
				ASSETCATALOG_COMPILER_APPICON_NAME = AppIcon;
				CODE_SIGN_IDENTITY = "iPhone Developer";
				"CODE_SIGN_IDENTITY[sdk=iphoneos*]" = "iPhone Developer";
				INFOPLIST_FILE = marcusDemoOC/Info.plist;
				LD_RUNPATH_SEARCH_PATHS = "$(inherited) @executable_path/Frameworks";
				PRODUCT_NAME = "$(TARGET_NAME)";
				PROVISIONING_PROFILE = "";
			};
			name = Release;
		};
		2C1C0B781B78761800BC2867 /* Debug */ = {
			isa = XCBuildConfiguration;
			buildSettings = {
				BUNDLE_LOADER = "$(TEST_HOST)";
				FRAMEWORK_SEARCH_PATHS = (
					"$(SDKROOT)/Developer/Library/Frameworks",
					"$(inherited)",
				);
				GCC_PREPROCESSOR_DEFINITIONS = (
					"DEBUG=1",
					"$(inherited)",
				);
				INFOPLIST_FILE = marcusDemoOCTests/Info.plist;
				LD_RUNPATH_SEARCH_PATHS = "$(inherited) @executable_path/Frameworks @loader_path/Frameworks";
				PRODUCT_NAME = "$(TARGET_NAME)";
				TEST_HOST = "$(BUILT_PRODUCTS_DIR)/marcusDemoOC.app/marcusDemoOC";
			};
			name = Debug;
		};
		2C1C0B791B78761800BC2867 /* Release */ = {
			isa = XCBuildConfiguration;
			buildSettings = {
				BUNDLE_LOADER = "$(TEST_HOST)";
				FRAMEWORK_SEARCH_PATHS = (
					"$(SDKROOT)/Developer/Library/Frameworks",
					"$(inherited)",
				);
				INFOPLIST_FILE = marcusDemoOCTests/Info.plist;
				LD_RUNPATH_SEARCH_PATHS = "$(inherited) @executable_path/Frameworks @loader_path/Frameworks";
				PRODUCT_NAME = "$(TARGET_NAME)";
				TEST_HOST = "$(BUILT_PRODUCTS_DIR)/marcusDemoOC.app/marcusDemoOC";
			};
			name = Release;
		};
/* End XCBuildConfiguration section */

/* Begin XCConfigurationList section */
		2C1C0B4C1B78761800BC2867 /* Build configuration list for PBXProject "marcusDemoOC" */ = {
			isa = XCConfigurationList;
			buildConfigurations = (
				2C1C0B721B78761800BC2867 /* Debug */,
				2C1C0B731B78761800BC2867 /* Release */,
			);
			defaultConfigurationIsVisible = 0;
			defaultConfigurationName = Release;
		};
		2C1C0B741B78761800BC2867 /* Build configuration list for PBXNativeTarget "marcusDemoOC" */ = {
			isa = XCConfigurationList;
			buildConfigurations = (
				2C1C0B751B78761800BC2867 /* Debug */,
				2C1C0B761B78761800BC2867 /* Release */,
			);
			defaultConfigurationIsVisible = 0;
			defaultConfigurationName = Release;
		};
		2C1C0B771B78761800BC2867 /* Build configuration list for PBXNativeTarget "marcusDemoOCTests" */ = {
			isa = XCConfigurationList;
			buildConfigurations = (
				2C1C0B781B78761800BC2867 /* Debug */,
				2C1C0B791B78761800BC2867 /* Release */,
			);
			defaultConfigurationIsVisible = 0;
			defaultConfigurationName = Release;
		};
/* End XCConfigurationList section */
	};
	rootObject = 2C1C0B491B78761800BC2867 /* Project object */;
}
